
Microsoft Visual Studio Solution File, Format Version 12.00
# Visual Studio Version 17
VisualStudioVersion = 17.8.34330.188
MinimumVisualStudioVersion = 10.0.40219.1
Project("{888888A0-9F3D-457C-B088-3A5042F75D52}") = "kd2siapi", "kd2siapi\kd2siapi.pyproj", "{F4273CE1-2C3C-4F4D-A263-EBAB61E5951C}"
EndProject
Global
	GlobalSection(SolutionConfigurationPlatforms) = preSolution
		Debug|Any CPU = Debug|Any CPU
		Release|Any CPU = Release|Any CPU
	EndGlobalSection
	GlobalSection(ProjectConfigurationPlatforms) = postSolution
		{F4273CE1-2C3C-4F4D-A263-EBAB61E5951C}.Debug|Any CPU.ActiveCfg = Debug|Any CPU
		{F4273CE1-2C3C-4F4D-A263-EBAB61E5951C}.Release|Any CPU.ActiveCfg = Release|Any CPU
	EndGlobalSection
	GlobalSection(SolutionProperties) = preSolution
		HideSolutionNode = FALSE
	EndGlobalSection
	GlobalSection(ExtensibilityGlobals) = postSolution
		SolutionGuid = {A3861711-3D8F-4D62-A724-E00A0C9CBAEF}
	EndGlobalSection
EndGlobal
